
Microsoft Visual Studio Solution File, Format Version 12.00
# Visual Studio Version 17
VisualStudioVersion = 17.3.32901.215
MinimumVisualStudioVersion = 10.0.40219.1
Project("{FAE04EC0-301F-11D3-BF4B-00C04F79EFBC}") = "TelegramBotApp", "TelegramBotApp\TelegramBotApp.csproj", "{67D884C9-B398-43FE-A1D9-E8FE2DA21558}"
EndProject
Global
	GlobalSection(SolutionConfigurationPlatforms) = preSolution
		Debug|Any CPU = Debug|Any CPU
		Release|Any CPU = Release|Any CPU
	EndGlobalSection
	GlobalSection(ProjectConfigurationPlatforms) = postSolution
		{67D884C9-B398-43FE-A1D9-E8FE2DA21558}.Debug|Any CPU.ActiveCfg = Debug|Any CPU
		{67D884C9-B398-43FE-A1D9-E8FE2DA21558}.Debug|Any CPU.Build.0 = Debug|Any CPU
		{67D884C9-B398-43FE-A1D9-E8FE2DA21558}.Release|Any CPU.ActiveCfg = Release|Any CPU
		{67D884C9-B398-43FE-A1D9-E8FE2DA21558}.Release|Any CPU.Build.0 = Release|Any CPU
	EndGlobalSection
	GlobalSection(SolutionProperties) = preSolution
		HideSolutionNode = FALSE
	EndGlobalSection
	GlobalSection(ExtensibilityGlobals) = postSolution
		SolutionGuid = {6E2CA212-D602-4AE0-B9C0-686D2B642806}
	EndGlobalSection
EndGlobal
